
Microsoft Visual Studio Solution File, Format Version 12.00
# Visual Studio 14
VisualStudioVersion = 14.0.25420.1
MinimumVisualStudioVersion = 10.0.40219.1
Project("{FAE04EC0-301F-11D3-BF4B-00C04F79EFBC}") = "RobotService", "RobotService\RobotService.csproj", "{B6636656-0472-4521-9FCD-98517D6CB20F}"
	ProjectSection(ProjectDependencies) = postProject
		{00DBAE2E-596F-4501-8E80-E312CE787439} = {00DBAE2E-596F-4501-8E80-E312CE787439}
	EndProjectSection
EndProject
Project("{FAE04EC0-301F-11D3-BF4B-00C04F79EFBC}") = "Common", "Common\Common.csproj", "{00DBAE2E-596F-4501-8E80-E312CE787439}"
EndProject
Project("{FAE04EC0-301F-11D3-BF4B-00C04F79EFBC}") = "OperatorUI", "OperatorUI\OperatorUI.csproj", "{8783F2C0-2384-41B0-B7F4-6FE86B576530}"
EndProject
Global
	GlobalSection(SolutionConfigurationPlatforms) = preSolution
		Debug|Any CPU = Debug|Any CPU
		Debug|ARM = Debug|ARM
		Debug|x64 = Debug|x64
		Debug|x86 = Debug|x86
		Release|Any CPU = Release|Any CPU
		Release|ARM = Release|ARM
		Release|x64 = Release|x64
		Release|x86 = Release|x86
	EndGlobalSection
	GlobalSection(ProjectConfigurationPlatforms) = postSolution
		{B6636656-0472-4521-9FCD-98517D6CB20F}.Debug|Any CPU.ActiveCfg = Debug|Any CPU
		{B6636656-0472-4521-9FCD-98517D6CB20F}.Debug|Any CPU.Build.0 = Debug|Any CPU
		{B6636656-0472-4521-9FCD-98517D6CB20F}.Debug|ARM.ActiveCfg = Debug|Any CPU
		{B6636656-0472-4521-9FCD-98517D6CB20F}.Debug|ARM.Build.0 = Debug|Any CPU
		{B6636656-0472-4521-9FCD-98517D6CB20F}.Debug|x64.ActiveCfg = Debug|Any CPU
		{B6636656-0472-4521-9FCD-98517D6CB20F}.Debug|x64.Build.0 = Debug|Any CPU
		{B6636656-0472-4521-9FCD-98517D6CB20F}.Debug|x86.ActiveCfg = Debug|Any CPU
		{B6636656-0472-4521-9FCD-98517D6CB20F}.Debug|x86.Build.0 = Debug|Any CPU
		{B6636656-0472-4521-9FCD-98517D6CB20F}.Release|Any CPU.ActiveCfg = Release|Any CPU
		{B6636656-0472-4521-9FCD-98517D6CB20F}.Release|Any CPU.Build.0 = Release|Any CPU
		{B6636656-0472-4521-9FCD-98517D6CB20F}.Release|ARM.ActiveCfg = Release|Any CPU
		{B6636656-0472-4521-9FCD-98517D6CB20F}.Release|ARM.Build.0 = Release|Any CPU
		{B6636656-0472-4521-9FCD-98517D6CB20F}.Release|x64.ActiveCfg = Release|Any CPU
		{B6636656-0472-4521-9FCD-98517D6CB20F}.Release|x64.Build.0 = Release|Any CPU
		{B6636656-0472-4521-9FCD-98517D6CB20F}.Release|x86.ActiveCfg = Release|Any CPU
		{B6636656-0472-4521-9FCD-98517D6CB20F}.Release|x86.Build.0 = Release|Any CPU
		{00DBAE2E-596F-4501-8E80-E312CE787439}.Debug|Any CPU.ActiveCfg = Debug|Any CPU
		{00DBAE2E-596F-4501-8E80-E312CE787439}.Debug|Any CPU.Build.0 = Debug|Any CPU
		{00DBAE2E-596F-4501-8E80-E312CE787439}.Debug|ARM.ActiveCfg = Debug|Any CPU
		{00DBAE2E-596F-4501-8E80-E312CE787439}.Debug|ARM.Build.0 = Debug|Any CPU
		{00DBAE2E-596F-4501-8E80-E312CE787439}.Debug|x64.ActiveCfg = Debug|Any CPU
		{00DBAE2E-596F-4501-8E80-E312CE787439}.Debug|x64.Build.0 = Debug|Any CPU
		{00DBAE2E-596F-4501-8E80-E312CE787439}.Debug|x86.ActiveCfg = Debug|Any CPU
		{00DBAE2E-596F-4501-8E80-E312CE787439}.Debug|x86.Build.0 = Debug|Any CPU
		{00DBAE2E-596F-4501-8E80-E312CE787439}.Release|Any CPU.ActiveCfg = Release|Any CPU
		{00DBAE2E-596F-4501-8E80-E312CE787439}.Release|Any CPU.Build.0 = Release|Any CPU
		{00DBAE2E-596F-4501-8E80-E312CE787439}.Release|ARM.ActiveCfg = Release|Any CPU
		{00DBAE2E-596F-4501-8E80-E312CE787439}.Release|ARM.Build.0 = Release|Any CPU
		{00DBAE2E-596F-4501-8E80-E312CE787439}.Release|x64.ActiveCfg = Release|Any CPU
		{00DBAE2E-596F-4501-8E80-E312CE787439}.Release|x64.Build.0 = Release|Any CPU
		{00DBAE2E-596F-4501-8E80-E312CE787439}.Release|x86.ActiveCfg = Release|Any CPU
		{00DBAE2E-596F-4501-8E80-E312CE787439}.Release|x86.Build.0 = Release|Any CPU
		{8783F2C0-2384-41B0-B7F4-6FE86B576530}.Debug|Any CPU.ActiveCfg = Debug|Any CPU
		{8783F2C0-2384-41B0-B7F4-6FE86B576530}.Debug|Any CPU.Build.0 = Debug|Any CPU
		{8783F2C0-2384-41B0-B7F4-6FE86B576530}.Debug|ARM.ActiveCfg = Debug|Any CPU
		{8783F2C0-2384-41B0-B7F4-6FE86B576530}.Debug|ARM.Build.0 = Debug|Any CPU
		{8783F2C0-2384-41B0-B7F4-6FE86B576530}.Debug|x64.ActiveCfg = Debug|Any CPU
		{8783F2C0-2384-41B0-B7F4-6FE86B576530}.Debug|x64.Build.0 = Debug|Any CPU
		{8783F2C0-2384-41B0-B7F4-6FE86B576530}.Debug|x86.ActiveCfg = Debug|Any CPU
		{8783F2C0-2384-41B0-B7F4-6FE86B576530}.Debug|x86.Build.0 = Debug|Any CPU
		{8783F2C0-2384-41B0-B7F4-6FE86B576530}.Release|Any CPU.ActiveCfg = Release|Any CPU
		{8783F2C0-2384-41B0-B7F4-6FE86B576530}.Release|Any CPU.Build.0 = Release|Any CPU
		{8783F2C0-2384-41B0-B7F4-6FE86B576530}.Release|ARM.ActiveCfg = Release|Any CPU
		{8783F2C0-2384-41B0-B7F4-6FE86B576530}.Release|ARM.Build.0 = Release|Any CPU
		{8783F2C0-2384-41B0-B7F4-6FE86B576530}.Release|x64.ActiveCfg = Release|Any CPU
		{8783F2C0-2384-41B0-B7F4-6FE86B576530}.Release|x64.Build.0 = Release|Any CPU
		{8783F2C0-2384-41B0-B7F4-6FE86B576530}.Release|x86.ActiveCfg = Release|Any CPU
		{8783F2C0-2384-41B0-B7F4-6FE86B576530}.Release|x86.Build.0 = Release|Any CPU
	EndGlobalSection
	GlobalSection(SolutionProperties) = preSolution
		HideSolutionNode = FALSE
	EndGlobalSection
EndGlobal
